
Microsoft Visual Studio Solution File, Format Version 12.00
# Visual Studio 15
VisualStudioVersion = 15.0.27703.2047
MinimumVisualStudioVersion = 10.0.40219.1
Project("{9A19103F-16F7-4668-BE54-9A1E7A4F7556}") = "Angular 2", "Angular 2\Angular 2.csproj", "{8E31CABC-7C35-4D8D-ADBE-2B4E7CAE7A66}"
EndProject
Project("{FAE04EC0-301F-11D3-BF4B-00C04F79EFBC}") = "WebApi", "WebApi\WebApi.csproj", "{330CCD16-D52A-4603-8C92-4E11DA396FD3}"
EndProject
Global
	GlobalSection(SolutionConfigurationPlatforms) = preSolution
		Debug|Any CPU = Debug|Any CPU
		Release|Any CPU = Release|Any CPU
	EndGlobalSection
	GlobalSection(ProjectConfigurationPlatforms) = postSolution
		{8E31CABC-7C35-4D8D-ADBE-2B4E7CAE7A66}.Debug|Any CPU.ActiveCfg = Debug|Any CPU
		{8E31CABC-7C35-4D8D-ADBE-2B4E7CAE7A66}.Debug|Any CPU.Build.0 = Debug|Any CPU
		{8E31CABC-7C35-4D8D-ADBE-2B4E7CAE7A66}.Release|Any CPU.ActiveCfg = Release|Any CPU
		{8E31CABC-7C35-4D8D-ADBE-2B4E7CAE7A66}.Release|Any CPU.Build.0 = Release|Any CPU
		{330CCD16-D52A-4603-8C92-4E11DA396FD3}.Debug|Any CPU.ActiveCfg = Debug|Any CPU
		{330CCD16-D52A-4603-8C92-4E11DA396FD3}.Debug|Any CPU.Build.0 = Debug|Any CPU
		{330CCD16-D52A-4603-8C92-4E11DA396FD3}.Release|Any CPU.ActiveCfg = Release|Any CPU
		{330CCD16-D52A-4603-8C92-4E11DA396FD3}.Release|Any CPU.Build.0 = Release|Any CPU
	EndGlobalSection
	GlobalSection(SolutionProperties) = preSolution
		HideSolutionNode = FALSE
	EndGlobalSection
	GlobalSection(ExtensibilityGlobals) = postSolution
		SolutionGuid = {37E01F27-A0AA-4A59-970D-6DB1B5693315}
	EndGlobalSection
EndGlobal
